
Microsoft Visual Studio Solution File, Format Version 12.00
# Visual Studio 2013
VisualStudioVersion = 12.0.30723.0
MinimumVisualStudioVersion = 10.0.40219.1
Project("{FAE04EC0-301F-11D3-BF4B-00C04F79EFBC}") = "CMS.Web", "CMS.Web\CMS.Web.csproj", "{E541948C-98C8-4B08-A205-47470F62A140}"
EndProject
Project("{2150E333-8FDC-42A3-9474-1A3956D46DE8}") = "UI", "UI", "{0FF33F4A-C811-491C-B70C-957741F3C1B7}"
EndProject
Project("{2150E333-8FDC-42A3-9474-1A3956D46DE8}") = "DAL", "DAL", "{ADF22839-80FE-46E2-91FD-65A9003530C8}"
EndProject
Project("{2150E333-8FDC-42A3-9474-1A3956D46DE8}") = "BLL", "BLL", "{45FDBB73-23B0-4355-813B-22D92A785E98}"
EndProject
Project("{2150E333-8FDC-42A3-9474-1A3956D46DE8}") = "Domain", "Domain", "{96E51AF6-69A3-414B-A7BC-004A3DEFBFCC}"
EndProject
Project("{2150E333-8FDC-42A3-9474-1A3956D46DE8}") = "Utility", "Utility", "{BEC29765-A6B8-481E-811C-25B3526DC11C}"
EndProject
Project("{2150E333-8FDC-42A3-9474-1A3956D46DE8}") = "Resources", "Resources", "{F10F637E-9CB3-4852-AED1-DF47E5BF653B}"
EndProject
Project("{FAE04EC0-301F-11D3-BF4B-00C04F79EFBC}") = "CMS.BLL", "CMS.BLL\CMS.BLL.csproj", "{5743F1B9-D882-4A9E-8193-D7953AD32C0B}"
EndProject
Project("{FAE04EC0-301F-11D3-BF4B-00C04F79EFBC}") = "CMS.DAL", "CMS.DAL\CMS.DAL.csproj", "{B130098F-B274-4882-BDEC-9CE94CBAAEB5}"
EndProject
Project("{FAE04EC0-301F-11D3-BF4B-00C04F79EFBC}") = "CMS.Domain", "CMS.Domain\CMS.Domain.csproj", "{48CB1E5B-2423-4DAF-B8D1-73ECE50CD5C7}"
EndProject
Global
	GlobalSection(SolutionConfigurationPlatforms) = preSolution
		Debug|Any CPU = Debug|Any CPU
		Release|Any CPU = Release|Any CPU
	EndGlobalSection
	GlobalSection(ProjectConfigurationPlatforms) = postSolution
		{E541948C-98C8-4B08-A205-47470F62A140}.Debug|Any CPU.ActiveCfg = Debug|Any CPU
		{E541948C-98C8-4B08-A205-47470F62A140}.Debug|Any CPU.Build.0 = Debug|Any CPU
		{E541948C-98C8-4B08-A205-47470F62A140}.Release|Any CPU.ActiveCfg = Release|Any CPU
		{E541948C-98C8-4B08-A205-47470F62A140}.Release|Any CPU.Build.0 = Release|Any CPU
		{5743F1B9-D882-4A9E-8193-D7953AD32C0B}.Debug|Any CPU.ActiveCfg = Debug|Any CPU
		{5743F1B9-D882-4A9E-8193-D7953AD32C0B}.Debug|Any CPU.Build.0 = Debug|Any CPU
		{5743F1B9-D882-4A9E-8193-D7953AD32C0B}.Release|Any CPU.ActiveCfg = Release|Any CPU
		{5743F1B9-D882-4A9E-8193-D7953AD32C0B}.Release|Any CPU.Build.0 = Release|Any CPU
		{B130098F-B274-4882-BDEC-9CE94CBAAEB5}.Debug|Any CPU.ActiveCfg = Debug|Any CPU
		{B130098F-B274-4882-BDEC-9CE94CBAAEB5}.Debug|Any CPU.Build.0 = Debug|Any CPU
		{B130098F-B274-4882-BDEC-9CE94CBAAEB5}.Release|Any CPU.ActiveCfg = Release|Any CPU
		{B130098F-B274-4882-BDEC-9CE94CBAAEB5}.Release|Any CPU.Build.0 = Release|Any CPU
		{48CB1E5B-2423-4DAF-B8D1-73ECE50CD5C7}.Debug|Any CPU.ActiveCfg = Debug|Any CPU
		{48CB1E5B-2423-4DAF-B8D1-73ECE50CD5C7}.Debug|Any CPU.Build.0 = Debug|Any CPU
		{48CB1E5B-2423-4DAF-B8D1-73ECE50CD5C7}.Release|Any CPU.ActiveCfg = Release|Any CPU
		{48CB1E5B-2423-4DAF-B8D1-73ECE50CD5C7}.Release|Any CPU.Build.0 = Release|Any CPU
	EndGlobalSection
	GlobalSection(SolutionProperties) = preSolution
		HideSolutionNode = FALSE
	EndGlobalSection
	GlobalSection(NestedProjects) = preSolution
		{E541948C-98C8-4B08-A205-47470F62A140} = {0FF33F4A-C811-491C-B70C-957741F3C1B7}
		{5743F1B9-D882-4A9E-8193-D7953AD32C0B} = {45FDBB73-23B0-4355-813B-22D92A785E98}
		{B130098F-B274-4882-BDEC-9CE94CBAAEB5} = {ADF22839-80FE-46E2-91FD-65A9003530C8}
		{48CB1E5B-2423-4DAF-B8D1-73ECE50CD5C7} = {96E51AF6-69A3-414B-A7BC-004A3DEFBFCC}
	EndGlobalSection
EndGlobal
